
Microsoft Visual Studio Solution File, Format Version 12.00
# Visual Studio Version 17
VisualStudioVersion = 17.5.33424.131
MinimumVisualStudioVersion = 10.0.40219.1
Project("{2150E333-8FDC-42A3-9474-1A3956D46DE8}") = "Src", "Src", "{62A3E69F-706C-416D-B94F-8629B2ABE486}"
EndProject
Project("{2150E333-8FDC-42A3-9474-1A3956D46DE8}") = "BuildingBlocks", "BuildingBlocks", "{BAD7B3C6-1C87-48DF-A600-A25FD8C9522F}"
EndProject
Project("{2150E333-8FDC-42A3-9474-1A3956D46DE8}") = "WebApp", "WebApp", "{BC0ECC9E-D992-40BE-96E1-BF63FC89752F}"
EndProject
Project("{2150E333-8FDC-42A3-9474-1A3956D46DE8}") = "Services", "Services", "{831AE34D-45F0-4D29-AC63-0CC0F11E6914}"
EndProject
Project("{2150E333-8FDC-42A3-9474-1A3956D46DE8}") = "Identity", "Identity", "{E02DAC27-D5E5-4547-ABC5-ECA4088B66E9}"
EndProject
Project("{2150E333-8FDC-42A3-9474-1A3956D46DE8}") = "Payment", "Payment", "{48C78D30-8D1B-4DDF-8A82-EFD6B1BADD4C}"
EndProject
Project("{2150E333-8FDC-42A3-9474-1A3956D46DE8}") = "Basket", "Basket", "{E9804E94-2825-4798-8FED-9B1F9D8D0DB7}"
EndProject
Project("{2150E333-8FDC-42A3-9474-1A3956D46DE8}") = "Catalog", "Catalog", "{BF701D08-883B-4200-A4EE-86270CB87C0F}"
EndProject
Project("{2150E333-8FDC-42A3-9474-1A3956D46DE8}") = "Ordering", "Ordering", "{61DA28DE-AAC7-4A08-9807-850654BAB139}"
EndProject
Project("{2150E333-8FDC-42A3-9474-1A3956D46DE8}") = "Core", "Core", "{1AB9EEAB-8842-4BC3-B63A-BE4A5CEFC0A5}"
	ProjectSection(SolutionItems) = preProject
		Core.cs = Core.cs
	EndProjectSection
EndProject
Project("{9A19103F-16F7-4668-BE54-9A1E7A4F7556}") = "Basket.API", "Src\Service\Basket.API\Basket.API.csproj", "{C3038D34-7941-427F-97BF-69213E696159}"
EndProject
Project("{9A19103F-16F7-4668-BE54-9A1E7A4F7556}") = "Catalog.API", "Src\Service\Catalog.API\Catalog.API.csproj", "{EE750ED8-4156-4DF9-B25D-AB19611167C6}"
EndProject
Project("{9A19103F-16F7-4668-BE54-9A1E7A4F7556}") = "Identity.API", "Src\Service\Identity.API\Identity.API.csproj", "{F1C0119D-E2D1-4A9E-B7EE-CC7BB653F649}"
EndProject
Project("{9A19103F-16F7-4668-BE54-9A1E7A4F7556}") = "Ordering.API", "Src\Service\Ordering.API\Ordering.API.csproj", "{303AF31F-EFBF-44DC-BC70-97B364A7453C}"
EndProject
Project("{9A19103F-16F7-4668-BE54-9A1E7A4F7556}") = "Payment.API", "Src\Service\Payment.API\Payment.API.csproj", "{0FA86146-CF18-4FE3-B567-D52D1A92F4EC}"
EndProject
Project("{2150E333-8FDC-42A3-9474-1A3956D46DE8}") = "MVC", "MVC", "{8F2CC2D3-675C-41C2-BA0B-F5551ECCBED4}"
EndProject
Project("{9A19103F-16F7-4668-BE54-9A1E7A4F7556}") = "WebApp.MVC", "Src\WebApp\MVC\WebApp.MVC.csproj", "{44D65F57-327D-4FF3-908A-A57296478D90}"
EndProject
Global
	GlobalSection(SolutionConfigurationPlatforms) = preSolution
		Debug|Any CPU = Debug|Any CPU
		Release|Any CPU = Release|Any CPU
	EndGlobalSection
	GlobalSection(ProjectConfigurationPlatforms) = postSolution
		{C3038D34-7941-427F-97BF-69213E696159}.Debug|Any CPU.ActiveCfg = Debug|Any CPU
		{C3038D34-7941-427F-97BF-69213E696159}.Debug|Any CPU.Build.0 = Debug|Any CPU
		{C3038D34-7941-427F-97BF-69213E696159}.Release|Any CPU.ActiveCfg = Release|Any CPU
		{C3038D34-7941-427F-97BF-69213E696159}.Release|Any CPU.Build.0 = Release|Any CPU
		{EE750ED8-4156-4DF9-B25D-AB19611167C6}.Debug|Any CPU.ActiveCfg = Debug|Any CPU
		{EE750ED8-4156-4DF9-B25D-AB19611167C6}.Debug|Any CPU.Build.0 = Debug|Any CPU
		{EE750ED8-4156-4DF9-B25D-AB19611167C6}.Release|Any CPU.ActiveCfg = Release|Any CPU
		{EE750ED8-4156-4DF9-B25D-AB19611167C6}.Release|Any CPU.Build.0 = Release|Any CPU
		{F1C0119D-E2D1-4A9E-B7EE-CC7BB653F649}.Debug|Any CPU.ActiveCfg = Debug|Any CPU
		{F1C0119D-E2D1-4A9E-B7EE-CC7BB653F649}.Debug|Any CPU.Build.0 = Debug|Any CPU
		{F1C0119D-E2D1-4A9E-B7EE-CC7BB653F649}.Release|Any CPU.ActiveCfg = Release|Any CPU
		{F1C0119D-E2D1-4A9E-B7EE-CC7BB653F649}.Release|Any CPU.Build.0 = Release|Any CPU
		{303AF31F-EFBF-44DC-BC70-97B364A7453C}.Debug|Any CPU.ActiveCfg = Debug|Any CPU
		{303AF31F-EFBF-44DC-BC70-97B364A7453C}.Debug|Any CPU.Build.0 = Debug|Any CPU
		{303AF31F-EFBF-44DC-BC70-97B364A7453C}.Release|Any CPU.ActiveCfg = Release|Any CPU
		{303AF31F-EFBF-44DC-BC70-97B364A7453C}.Release|Any CPU.Build.0 = Release|Any CPU
		{0FA86146-CF18-4FE3-B567-D52D1A92F4EC}.Debug|Any CPU.ActiveCfg = Debug|Any CPU
		{0FA86146-CF18-4FE3-B567-D52D1A92F4EC}.Debug|Any CPU.Build.0 = Debug|Any CPU
		{0FA86146-CF18-4FE3-B567-D52D1A92F4EC}.Release|Any CPU.ActiveCfg = Release|Any CPU
		{0FA86146-CF18-4FE3-B567-D52D1A92F4EC}.Release|Any CPU.Build.0 = Release|Any CPU
		{44D65F57-327D-4FF3-908A-A57296478D90}.Debug|Any CPU.ActiveCfg = Debug|Any CPU
		{44D65F57-327D-4FF3-908A-A57296478D90}.Debug|Any CPU.Build.0 = Debug|Any CPU
		{44D65F57-327D-4FF3-908A-A57296478D90}.Release|Any CPU.ActiveCfg = Release|Any CPU
		{44D65F57-327D-4FF3-908A-A57296478D90}.Release|Any CPU.Build.0 = Release|Any CPU
	EndGlobalSection
	GlobalSection(SolutionProperties) = preSolution
		HideSolutionNode = FALSE
	EndGlobalSection
	GlobalSection(NestedProjects) = preSolution
		{BAD7B3C6-1C87-48DF-A600-A25FD8C9522F} = {62A3E69F-706C-416D-B94F-8629B2ABE486}
		{BC0ECC9E-D992-40BE-96E1-BF63FC89752F} = {62A3E69F-706C-416D-B94F-8629B2ABE486}
		{831AE34D-45F0-4D29-AC63-0CC0F11E6914} = {62A3E69F-706C-416D-B94F-8629B2ABE486}
		{E02DAC27-D5E5-4547-ABC5-ECA4088B66E9} = {831AE34D-45F0-4D29-AC63-0CC0F11E6914}
		{48C78D30-8D1B-4DDF-8A82-EFD6B1BADD4C} = {831AE34D-45F0-4D29-AC63-0CC0F11E6914}
		{E9804E94-2825-4798-8FED-9B1F9D8D0DB7} = {831AE34D-45F0-4D29-AC63-0CC0F11E6914}
		{BF701D08-883B-4200-A4EE-86270CB87C0F} = {831AE34D-45F0-4D29-AC63-0CC0F11E6914}
		{61DA28DE-AAC7-4A08-9807-850654BAB139} = {831AE34D-45F0-4D29-AC63-0CC0F11E6914}
		{1AB9EEAB-8842-4BC3-B63A-BE4A5CEFC0A5} = {BAD7B3C6-1C87-48DF-A600-A25FD8C9522F}
		{C3038D34-7941-427F-97BF-69213E696159} = {E9804E94-2825-4798-8FED-9B1F9D8D0DB7}
		{EE750ED8-4156-4DF9-B25D-AB19611167C6} = {BF701D08-883B-4200-A4EE-86270CB87C0F}
		{F1C0119D-E2D1-4A9E-B7EE-CC7BB653F649} = {E02DAC27-D5E5-4547-ABC5-ECA4088B66E9}
		{303AF31F-EFBF-44DC-BC70-97B364A7453C} = {61DA28DE-AAC7-4A08-9807-850654BAB139}
		{0FA86146-CF18-4FE3-B567-D52D1A92F4EC} = {48C78D30-8D1B-4DDF-8A82-EFD6B1BADD4C}
		{8F2CC2D3-675C-41C2-BA0B-F5551ECCBED4} = {BC0ECC9E-D992-40BE-96E1-BF63FC89752F}
		{44D65F57-327D-4FF3-908A-A57296478D90} = {8F2CC2D3-675C-41C2-BA0B-F5551ECCBED4}
	EndGlobalSection
	GlobalSection(ExtensibilityGlobals) = postSolution
		SolutionGuid = {EDEB1E12-F1DA-48F3-89C3-FFA619C4B575}
	EndGlobalSection
EndGlobal
